{
  "version": 4,
  "terraform_version": "0.12.26",
  "serial": 21,
  "lineage": "b2b667d9-b638-0cc5-def3-ea4c45144d66",
  "outputs": {
    "gateway_url": {
      "value": "https://w5krt83vqi.execute-api.us-west-2.amazonaws.com/prod",
      "type": "string"
    },
    "lambda_arn": {
      "value": "arn:aws:lambda:us-west-2:475629728374:function:go-gin-starter-project",
      "type": "string"
    },
    "lambda_function_name": {
      "value": "go-gin-starter-project",
      "type": "string"
    },
    "lambda_invoke_arn": {
      "value": "arn:aws:apigateway:us-west-2:lambda:path/2015-03-31/functions/arn:aws:lambda:us-west-2:475629728374:function:go-gin-starter-project/invocations",
      "type": "string"
    }
  },
  "resources": [
    {
      "mode": "data",
      "type": "archive_file",
      "name": "empty_lambda",
      "provider": "provider.archive",
      "instances": [
        {
          "schema_version": 0,
          "attributes": {
            "excludes": null,
            "id": "8c24f3b90441dcf10d4308dd873623e0564e3a05",
            "output_base64sha256": "Xz3EPgpdLuicCyodq3A/25FGWqOOTHJ89d52YJEHLXk=",
            "output_md5": "c1df26a23092d8fc9040488726089961",
            "output_path": "./empty_lambda.zip",
            "output_sha": "8c24f3b90441dcf10d4308dd873623e0564e3a05",
            "output_size": 171,
            "source": [
              {
                "content": "exports.handler = function() { };",
                "filename": "lambda.js"
              }
            ],
            "source_content": null,
            "source_content_filename": null,
            "source_dir": null,
            "source_file": null,
            "type": "zip"
          }
        }
      ]
    },
    {
      "mode": "data",
      "type": "aws_acm_certificate",
      "name": "wildcard",
      "provider": "provider.aws.us-east-1",
      "instances": [
        {
          "schema_version": 0,
          "attributes": {
            "arn": "arn:aws:acm:us-east-1:475629728374:certificate/796f4d44-fe8e-4df7-805f-82e8de5061fc",
            "domain": "go-gin-starter-project.dev.goldstack.party",
            "id": "2021-05-01 00:03:32.092976 +0000 UTC",
            "key_types": null,
            "most_recent": true,
            "statuses": [
              "ISSUED"
            ],
            "tags": {
              "Changed": "2021-05-01 00:01 UTC",
              "ManagedBy": "goldstack-terraform"
            },
            "types": null
          }
        }
      ]
    },
    {
      "mode": "data",
      "type": "aws_route53_zone",
      "name": "main",
      "provider": "provider.aws",
      "instances": [
        {
          "schema_version": 0,
          "attributes": {
            "caller_reference": "99291793-ECF6-ABCF-A4B3-9B3C51784B2F",
            "comment": "Goldstack dev DNS",
            "id": "Z0976835P2E6VVNHURE7",
            "linked_service_description": null,
            "linked_service_principal": null,
            "name": "dev.goldstack.party.",
            "name_servers": [
              "ns-558.awsdns-05.net",
              "ns-381.awsdns-47.com",
              "ns-1275.awsdns-31.org",
              "ns-1659.awsdns-15.co.uk"
            ],
            "private_zone": false,
            "resource_record_set_count": 42,
            "tags": {},
            "vpc_id": null,
            "zone_id": "Z0976835P2E6VVNHURE7"
          }
        }
      ]
    },
    {
      "mode": "managed",
      "type": "aws_acm_certificate",
      "name": "wildcard",
      "provider": "provider.aws.us-east-1",
      "instances": [
        {
          "schema_version": 0,
          "attributes": {
            "arn": "arn:aws:acm:us-east-1:475629728374:certificate/796f4d44-fe8e-4df7-805f-82e8de5061fc",
            "certificate_authority_arn": "",
            "certificate_body": null,
            "certificate_chain": null,
            "domain_name": "go-gin-starter-project.dev.goldstack.party",
            "domain_validation_options": [
              {
                "domain_name": "go-gin-starter-project.dev.goldstack.party",
                "resource_record_name": "_16f6b208a00605a07fc2489c72279ba8.go-gin-starter-project.dev.goldstack.party.",
                "resource_record_type": "CNAME",
                "resource_record_value": "_f8ca2ac4ce2d3d9f618f71f107d2e775.zzxlnyslwt.acm-validations.aws."
              },
              {
                "domain_name": "*.go-gin-starter-project.dev.goldstack.party",
                "resource_record_name": "_16f6b208a00605a07fc2489c72279ba8.go-gin-starter-project.dev.goldstack.party.",
                "resource_record_type": "CNAME",
                "resource_record_value": "_f8ca2ac4ce2d3d9f618f71f107d2e775.zzxlnyslwt.acm-validations.aws."
              }
            ],
            "id": "arn:aws:acm:us-east-1:475629728374:certificate/796f4d44-fe8e-4df7-805f-82e8de5061fc",
            "options": [
              {
                "certificate_transparency_logging_preference": "ENABLED"
              }
            ],
            "private_key": null,
            "status": "PENDING_VALIDATION",
            "subject_alternative_names": [
              "*.go-gin-starter-project.dev.goldstack.party"
            ],
            "tags": {
              "Changed": "2021-05-01 00:01 UTC",
              "ManagedBy": "goldstack-terraform"
            },
            "validation_emails": [],
            "validation_method": "DNS"
          },
          "private": "bnVsbA=="
        }
      ]
    },
    {
      "mode": "managed",
      "type": "aws_acm_certificate_validation",
      "name": "wildcard_cert",
      "provider": "provider.aws.us-east-1",
      "instances": [
        {
          "schema_version": 0,
          "attributes": {
            "certificate_arn": "arn:aws:acm:us-east-1:475629728374:certificate/796f4d44-fe8e-4df7-805f-82e8de5061fc",
            "id": "2021-05-01 00:02:23 +0000 UTC",
            "timeouts": null,
            "validation_record_fqdns": [
              "_16f6b208a00605a07fc2489c72279ba8.go-gin-starter-project.dev.goldstack.party"
            ]
          },
          "private": "eyJlMmJmYjczMC1lY2FhLTExZTYtOGY4OC0zNDM2M2JjN2M0YzAiOnsiY3JlYXRlIjoyNzAwMDAwMDAwMDAwfX0=",
          "dependencies": [
            "aws_acm_certificate.wildcard",
            "aws_route53_record.wildcard_validation"
          ]
        }
      ]
    },
    {
      "mode": "managed",
      "type": "aws_api_gateway_base_path_mapping",
      "name": "base_path",
      "provider": "provider.aws",
      "instances": [
        {
          "schema_version": 0,
          "attributes": {
            "api_id": "w5krt83vqi",
            "base_path": "",
            "domain_name": "go-gin-starter-project.dev.goldstack.party",
            "id": "go-gin-starter-project.dev.goldstack.party/",
            "stage_name": "prod"
          },
          "private": "bnVsbA==",
          "dependencies": [
            "aws_acm_certificate.wildcard",
            "aws_acm_certificate_validation.wildcard_cert",
            "aws_api_gateway_deployment.main",
            "aws_api_gateway_domain_name.domain",
            "aws_api_gateway_integration.lambda",
            "aws_api_gateway_integration.lambda_root",
            "aws_api_gateway_method.proxy",
            "aws_api_gateway_method.proxy_root",
            "aws_api_gateway_resource.proxy",
            "aws_api_gateway_rest_api.main",
            "aws_iam_role.lambda_exec",
            "aws_lambda_function.main",
            "aws_route53_record.wildcard_validation"
          ]
        }
      ]
    },
    {
      "mode": "managed",
      "type": "aws_api_gateway_deployment",
      "name": "main",
      "provider": "provider.aws",
      "instances": [
        {
          "schema_version": 0,
          "attributes": {
            "created_date": "2021-05-01T00:01:54Z",
            "description": "",
            "execution_arn": "arn:aws:execute-api:us-west-2:475629728374:w5krt83vqi/prod",
            "id": "h1d0s3",
            "invoke_url": "https://w5krt83vqi.execute-api.us-west-2.amazonaws.com/prod",
            "rest_api_id": "w5krt83vqi",
            "stage_description": null,
            "stage_name": "prod",
            "triggers": null,
            "variables": null
          },
          "private": "bnVsbA==",
          "dependencies": [
            "aws_api_gateway_integration.lambda",
            "aws_api_gateway_integration.lambda_root",
            "aws_api_gateway_method.proxy",
            "aws_api_gateway_method.proxy_root",
            "aws_api_gateway_resource.proxy",
            "aws_api_gateway_rest_api.main",
            "aws_iam_role.lambda_exec",
            "aws_lambda_function.main"
          ]
        }
      ]
    },
    {
      "mode": "managed",
      "type": "aws_api_gateway_domain_name",
      "name": "domain",
      "provider": "provider.aws",
      "instances": [
        {
          "schema_version": 0,
          "attributes": {
            "arn": "arn:aws:apigateway:us-west-2::/domainnames/go-gin-starter-project.dev.goldstack.party",
            "certificate_arn": "arn:aws:acm:us-east-1:475629728374:certificate/796f4d44-fe8e-4df7-805f-82e8de5061fc",
            "certificate_body": null,
            "certificate_chain": null,
            "certificate_name": "",
            "certificate_private_key": null,
            "certificate_upload_date": "2021-05-01T00:03:37Z",
            "cloudfront_domain_name": "d2zcwd6cvjhzfk.cloudfront.net",
            "cloudfront_zone_id": "Z2FDTNDATAQYW2",
            "domain_name": "go-gin-starter-project.dev.goldstack.party",
            "endpoint_configuration": [
              {
                "types": [
                  "EDGE"
                ]
              }
            ],
            "id": "go-gin-starter-project.dev.goldstack.party",
            "regional_certificate_arn": "",
            "regional_certificate_name": "",
            "regional_domain_name": "",
            "regional_zone_id": "",
            "security_policy": "TLS_1_0",
            "tags": null
          },
          "private": "bnVsbA==",
          "dependencies": [
            "aws_acm_certificate.wildcard",
            "aws_acm_certificate_validation.wildcard_cert",
            "aws_route53_record.wildcard_validation"
          ]
        }
      ]
    },
    {
      "mode": "managed",
      "type": "aws_api_gateway_integration",
      "name": "lambda",
      "provider": "provider.aws",
      "instances": [
        {
          "schema_version": 0,
          "attributes": {
            "cache_key_parameters": null,
            "cache_namespace": "bhnwfx",
            "connection_id": "",
            "connection_type": "INTERNET",
            "content_handling": "",
            "credentials": "",
            "http_method": "ANY",
            "id": "agi-w5krt83vqi-bhnwfx-ANY",
            "integration_http_method": "POST",
            "passthrough_behavior": "WHEN_NO_MATCH",
            "request_parameters": null,
            "request_parameters_in_json": null,
            "request_templates": null,
            "resource_id": "bhnwfx",
            "rest_api_id": "w5krt83vqi",
            "timeout_milliseconds": 29000,
            "type": "AWS_PROXY",
            "uri": "arn:aws:apigateway:us-west-2:lambda:path/2015-03-31/functions/arn:aws:lambda:us-west-2:475629728374:function:go-gin-starter-project/invocations"
          },
          "private": "bnVsbA==",
          "dependencies": [
            "aws_api_gateway_method.proxy",
            "aws_api_gateway_resource.proxy",
            "aws_api_gateway_rest_api.main",
            "aws_iam_role.lambda_exec",
            "aws_lambda_function.main"
          ]
        }
      ]
    },
    {
      "mode": "managed",
      "type": "aws_api_gateway_integration",
      "name": "lambda_root",
      "provider": "provider.aws",
      "instances": [
        {
          "schema_version": 0,
          "attributes": {
            "cache_key_parameters": null,
            "cache_namespace": "oqi1uwmkoi",
            "connection_id": "",
            "connection_type": "INTERNET",
            "content_handling": "",
            "credentials": "",
            "http_method": "ANY",
            "id": "agi-w5krt83vqi-oqi1uwmkoi-ANY",
            "integration_http_method": "POST",
            "passthrough_behavior": "WHEN_NO_MATCH",
            "request_parameters": null,
            "request_parameters_in_json": null,
            "request_templates": null,
            "resource_id": "oqi1uwmkoi",
            "rest_api_id": "w5krt83vqi",
            "timeout_milliseconds": 29000,
            "type": "AWS_PROXY",
            "uri": "arn:aws:apigateway:us-west-2:lambda:path/2015-03-31/functions/arn:aws:lambda:us-west-2:475629728374:function:go-gin-starter-project/invocations"
          },
          "private": "bnVsbA==",
          "dependencies": [
            "aws_api_gateway_method.proxy_root",
            "aws_api_gateway_rest_api.main",
            "aws_iam_role.lambda_exec",
            "aws_lambda_function.main"
          ]
        }
      ]
    },
    {
      "mode": "managed",
      "type": "aws_api_gateway_method",
      "name": "proxy",
      "provider": "provider.aws",
      "instances": [
        {
          "schema_version": 0,
          "attributes": {
            "api_key_required": false,
            "authorization": "NONE",
            "authorization_scopes": null,
            "authorizer_id": null,
            "http_method": "ANY",
            "id": "agm-w5krt83vqi-bhnwfx-ANY",
            "request_models": null,
            "request_parameters": null,
            "request_parameters_in_json": null,
            "request_validator_id": null,
            "resource_id": "bhnwfx",
            "rest_api_id": "w5krt83vqi"
          },
          "private": "bnVsbA==",
          "dependencies": [
            "aws_api_gateway_resource.proxy",
            "aws_api_gateway_rest_api.main"
          ]
        }
      ]
    },
    {
      "mode": "managed",
      "type": "aws_api_gateway_method",
      "name": "proxy_root",
      "provider": "provider.aws",
      "instances": [
        {
          "schema_version": 0,
          "attributes": {
            "api_key_required": false,
            "authorization": "NONE",
            "authorization_scopes": null,
            "authorizer_id": null,
            "http_method": "ANY",
            "id": "agm-w5krt83vqi-oqi1uwmkoi-ANY",
            "request_models": null,
            "request_parameters": null,
            "request_parameters_in_json": null,
            "request_validator_id": null,
            "resource_id": "oqi1uwmkoi",
            "rest_api_id": "w5krt83vqi"
          },
          "private": "bnVsbA==",
          "dependencies": [
            "aws_api_gateway_rest_api.main"
          ]
        }
      ]
    },
    {
      "mode": "managed",
      "type": "aws_api_gateway_resource",
      "name": "proxy",
      "provider": "provider.aws",
      "instances": [
        {
          "schema_version": 0,
          "attributes": {
            "id": "bhnwfx",
            "parent_id": "oqi1uwmkoi",
            "path": "/{proxy+}",
            "path_part": "{proxy+}",
            "rest_api_id": "w5krt83vqi"
          },
          "private": "bnVsbA==",
          "dependencies": [
            "aws_api_gateway_rest_api.main"
          ]
        }
      ]
    },
    {
      "mode": "managed",
      "type": "aws_api_gateway_rest_api",
      "name": "main",
      "provider": "provider.aws",
      "instances": [
        {
          "schema_version": 0,
          "attributes": {
            "api_key_source": "HEADER",
            "arn": "arn:aws:apigateway:us-west-2::/restapis/w5krt83vqi",
            "binary_media_types": null,
            "body": null,
            "created_date": "2021-05-01T00:01:31Z",
            "description": "Goldstack lambda deployment go-gin-starter-project",
            "endpoint_configuration": [
              {
                "types": [
                  "EDGE"
                ],
                "vpc_endpoint_ids": []
              }
            ],
            "execution_arn": "arn:aws:execute-api:us-west-2:475629728374:w5krt83vqi",
            "id": "w5krt83vqi",
            "minimum_compression_size": -1,
            "name": "go-gin-starter-project-gateway",
            "policy": "",
            "root_resource_id": "oqi1uwmkoi",
            "tags": null
          },
          "private": "bnVsbA=="
        }
      ]
    },
    {
      "mode": "managed",
      "type": "aws_iam_policy",
      "name": "lambda_logging",
      "provider": "provider.aws",
      "instances": [
        {
          "schema_version": 0,
          "attributes": {
            "arn": "arn:aws:iam::475629728374:policy/go-gin-starter-project-lambda-logging-role",
            "description": "IAM policy for logging from a lambda",
            "id": "arn:aws:iam::475629728374:policy/go-gin-starter-project-lambda-logging-role",
            "name": "go-gin-starter-project-lambda-logging-role",
            "name_prefix": null,
            "path": "/",
            "policy": "{\n  \"Version\": \"2012-10-17\",\n  \"Statement\": [\n    {\n      \"Action\": [\n        \"logs:CreateLogGroup\",\n        \"logs:CreateLogStream\",\n        \"logs:PutLogEvents\"\n      ],\n      \"Resource\": \"arn:aws:logs:*:*:*\",\n      \"Effect\": \"Allow\"\n    }\n  ]\n}\n"
          },
          "private": "bnVsbA=="
        }
      ]
    },
    {
      "mode": "managed",
      "type": "aws_iam_role",
      "name": "lambda_exec",
      "provider": "provider.aws",
      "instances": [
        {
          "schema_version": 0,
          "attributes": {
            "arn": "arn:aws:iam::475629728374:role/go-gin-starter-project-role",
            "assume_role_policy": "{\"Version\":\"2012-10-17\",\"Statement\":[{\"Sid\":\"\",\"Effect\":\"Allow\",\"Principal\":{\"Service\":\"lambda.amazonaws.com\"},\"Action\":\"sts:AssumeRole\"}]}",
            "create_date": "2021-05-01T00:01:31Z",
            "description": "",
            "force_detach_policies": false,
            "id": "go-gin-starter-project-role",
            "max_session_duration": 3600,
            "name": "go-gin-starter-project-role",
            "name_prefix": null,
            "path": "/",
            "permissions_boundary": null,
            "tags": null,
            "unique_id": "AROAW5PN5WJ3IL7XGXHWA"
          },
          "private": "bnVsbA=="
        }
      ]
    },
    {
      "mode": "managed",
      "type": "aws_iam_role_policy_attachment",
      "name": "lambda_admin_role_attach",
      "provider": "provider.aws",
      "instances": [
        {
          "schema_version": 0,
          "attributes": {
            "id": "go-gin-starter-project-role-20210501000136534900000001",
            "policy_arn": "arn:aws:iam::aws:policy/AdministratorAccess",
            "role": "go-gin-starter-project-role"
          },
          "private": "bnVsbA==",
          "dependencies": [
            "aws_iam_role.lambda_exec"
          ]
        }
      ]
    },
    {
      "mode": "managed",
      "type": "aws_iam_role_policy_attachment",
      "name": "lambda_logs",
      "provider": "provider.aws",
      "instances": [
        {
          "schema_version": 0,
          "attributes": {
            "id": "go-gin-starter-project-role-20210501000150496600000002",
            "policy_arn": "arn:aws:iam::475629728374:policy/go-gin-starter-project-lambda-logging-role",
            "role": "go-gin-starter-project-role"
          },
          "private": "bnVsbA==",
          "dependencies": [
            "aws_iam_policy.lambda_logging",
            "aws_iam_role.lambda_exec"
          ]
        }
      ]
    },
    {
      "mode": "managed",
      "type": "aws_lambda_function",
      "name": "main",
      "provider": "provider.aws",
      "instances": [
        {
          "schema_version": 0,
          "attributes": {
            "arn": "arn:aws:lambda:us-west-2:475629728374:function:go-gin-starter-project",
            "dead_letter_config": [],
            "description": "",
            "environment": [
              {
                "variables": {
                  "CORS": "",
                  "GOLDSTACK_DEPLOYMENT": "dev"
                }
              }
            ],
            "filename": "./empty_lambda.zip",
            "function_name": "go-gin-starter-project",
            "handler": "lambda",
            "id": "go-gin-starter-project",
            "invoke_arn": "arn:aws:apigateway:us-west-2:lambda:path/2015-03-31/functions/arn:aws:lambda:us-west-2:475629728374:function:go-gin-starter-project/invocations",
            "kms_key_arn": "",
            "last_modified": "2021-05-01T00:01:44.480+0000",
            "layers": null,
            "memory_size": 2048,
            "publish": false,
            "qualified_arn": "arn:aws:lambda:us-west-2:475629728374:function:go-gin-starter-project:$LATEST",
            "reserved_concurrent_executions": -1,
            "role": "arn:aws:iam::475629728374:role/go-gin-starter-project-role",
            "runtime": "go1.x",
            "s3_bucket": null,
            "s3_key": null,
            "s3_object_version": null,
            "source_code_hash": "Xz3EPgpdLuicCyodq3A/25FGWqOOTHJ89d52YJEHLXk=",
            "source_code_size": 171,
            "tags": null,
            "timeout": 900,
            "timeouts": null,
            "tracing_config": [
              {
                "mode": "PassThrough"
              }
            ],
            "version": "$LATEST",
            "vpc_config": []
          },
          "private": "eyJlMmJmYjczMC1lY2FhLTExZTYtOGY4OC0zNDM2M2JjN2M0YzAiOnsiY3JlYXRlIjo2MDAwMDAwMDAwMDB9fQ==",
          "dependencies": [
            "aws_iam_role.lambda_exec"
          ]
        }
      ]
    },
    {
      "mode": "managed",
      "type": "aws_lambda_permission",
      "name": "lambda_permission",
      "provider": "provider.aws",
      "instances": [
        {
          "schema_version": 0,
          "attributes": {
            "action": "lambda:InvokeFunction",
            "event_source_token": null,
            "function_name": "go-gin-starter-project",
            "id": "AllowLambdaInvoke-go-gin-starter-project",
            "principal": "apigateway.amazonaws.com",
            "qualifier": "",
            "source_account": null,
            "source_arn": "arn:aws:execute-api:us-west-2:475629728374:w5krt83vqi/*/*/*",
            "statement_id": "AllowLambdaInvoke-go-gin-starter-project",
            "statement_id_prefix": null
          },
          "private": "bnVsbA==",
          "dependencies": [
            "aws_api_gateway_rest_api.main",
            "aws_iam_role.lambda_exec",
            "aws_lambda_function.main"
          ]
        }
      ]
    },
    {
      "mode": "managed",
      "type": "aws_route53_record",
      "name": "a",
      "provider": "provider.aws",
      "instances": [
        {
          "schema_version": 2,
          "attributes": {
            "alias": [
              {
                "evaluate_target_health": false,
                "name": "d2zcwd6cvjhzfk.cloudfront.net",
                "zone_id": "Z2FDTNDATAQYW2"
              }
            ],
            "allow_overwrite": null,
            "failover_routing_policy": [],
            "fqdn": "go-gin-starter-project.dev.goldstack.party",
            "geolocation_routing_policy": [],
            "health_check_id": null,
            "id": "Z0976835P2E6VVNHURE7_go-gin-starter-project.dev.goldstack.party_A",
            "latency_routing_policy": [],
            "multivalue_answer_routing_policy": null,
            "name": "go-gin-starter-project.dev.goldstack.party",
            "records": null,
            "set_identifier": null,
            "ttl": null,
            "type": "A",
            "weighted_routing_policy": [],
            "zone_id": "Z0976835P2E6VVNHURE7"
          },
          "private": "eyJzY2hlbWFfdmVyc2lvbiI6IjIifQ==",
          "dependencies": [
            "aws_acm_certificate.wildcard",
            "aws_acm_certificate_validation.wildcard_cert",
            "aws_api_gateway_domain_name.domain",
            "aws_route53_record.wildcard_validation"
          ]
        }
      ]
    },
    {
      "mode": "managed",
      "type": "aws_route53_record",
      "name": "wildcard_validation",
      "provider": "provider.aws",
      "instances": [
        {
          "schema_version": 2,
          "attributes": {
            "alias": [],
            "allow_overwrite": null,
            "failover_routing_policy": [],
            "fqdn": "_16f6b208a00605a07fc2489c72279ba8.go-gin-starter-project.dev.goldstack.party",
            "geolocation_routing_policy": [],
            "health_check_id": null,
            "id": "Z0976835P2E6VVNHURE7__16f6b208a00605a07fc2489c72279ba8.go-gin-starter-project.dev.goldstack.party._CNAME",
            "latency_routing_policy": [],
            "multivalue_answer_routing_policy": null,
            "name": "_16f6b208a00605a07fc2489c72279ba8.go-gin-starter-project.dev.goldstack.party",
            "records": [
              "_f8ca2ac4ce2d3d9f618f71f107d2e775.zzxlnyslwt.acm-validations.aws."
            ],
            "set_identifier": null,
            "ttl": 60,
            "type": "CNAME",
            "weighted_routing_policy": [],
            "zone_id": "Z0976835P2E6VVNHURE7"
          },
          "private": "eyJzY2hlbWFfdmVyc2lvbiI6IjIifQ==",
          "dependencies": [
            "aws_acm_certificate.wildcard"
          ]
        }
      ]
    }
  ]
}
